
Microsoft Visual Studio Solution File, Format Version 12.00
# Visual Studio 2015
Project("{FAE04EC0-301F-11D3-BF4B-00C04F79EFBC}") = "AccessibleVR", "AccessibleVR.csproj", "{7ABF93FB-0436-BDC0-348D-88E7B9C071A4}"
EndProject
Project("{FAE04EC0-301F-11D3-BF4B-00C04F79EFBC}") = "AccessibleVR.Editor", "AccessibleVR.Editor.csproj", "{F2034BD1-6FE8-DE2A-391F-863251C05AD8}"
EndProject
Global
	GlobalSection(SolutionConfigurationPlatforms) = preSolution
		Debug|Any CPU = Debug|Any CPU
		Release|Any CPU = Release|Any CPU
	EndGlobalSection
	GlobalSection(ProjectConfigurationPlatforms) = postSolution
		{7ABF93FB-0436-BDC0-348D-88E7B9C071A4}.Debug|Any CPU.ActiveCfg = Debug|Any CPU
		{7ABF93FB-0436-BDC0-348D-88E7B9C071A4}.Debug|Any CPU.Build.0 = Debug|Any CPU
		{7ABF93FB-0436-BDC0-348D-88E7B9C071A4}.Release|Any CPU.ActiveCfg = Release|Any CPU
		{7ABF93FB-0436-BDC0-348D-88E7B9C071A4}.Release|Any CPU.Build.0 = Release|Any CPU
		{F2034BD1-6FE8-DE2A-391F-863251C05AD8}.Debug|Any CPU.ActiveCfg = Debug|Any CPU
		{F2034BD1-6FE8-DE2A-391F-863251C05AD8}.Debug|Any CPU.Build.0 = Debug|Any CPU
		{F2034BD1-6FE8-DE2A-391F-863251C05AD8}.Release|Any CPU.ActiveCfg = Release|Any CPU
		{F2034BD1-6FE8-DE2A-391F-863251C05AD8}.Release|Any CPU.Build.0 = Release|Any CPU
	EndGlobalSection
	GlobalSection(SolutionProperties) = preSolution
		HideSolutionNode = FALSE
	EndGlobalSection
EndGlobal
